
Microsoft Visual Studio Solution File, Format Version 12.00
# Visual Studio Version 17
VisualStudioVersion = 17.10.35027.167
MinimumVisualStudioVersion = 10.0.40219.1
Project("{FAE04EC0-301F-11D3-BF4B-00C04F79EFBC}") = "DataTypes", "DataTypes\DataTypes.csproj", "{B52731D5-DFDE-46B9-8628-F16680B78409}"
EndProject
Global
	GlobalSection(SolutionConfigurationPlatforms) = preSolution
		Debug|Any CPU = Debug|Any CPU
		Release|Any CPU = Release|Any CPU
	EndGlobalSection
	GlobalSection(ProjectConfigurationPlatforms) = postSolution
		{B52731D5-DFDE-46B9-8628-F16680B78409}.Debug|Any CPU.ActiveCfg = Debug|Any CPU
		{B52731D5-DFDE-46B9-8628-F16680B78409}.Debug|Any CPU.Build.0 = Debug|Any CPU
		{B52731D5-DFDE-46B9-8628-F16680B78409}.Release|Any CPU.ActiveCfg = Release|Any CPU
		{B52731D5-DFDE-46B9-8628-F16680B78409}.Release|Any CPU.Build.0 = Release|Any CPU
	EndGlobalSection
	GlobalSection(SolutionProperties) = preSolution
		HideSolutionNode = FALSE
	EndGlobalSection
	GlobalSection(ExtensibilityGlobals) = postSolution
		SolutionGuid = {51D3F452-2D6A-458F-B9DA-63C5345A8ACF}
	EndGlobalSection
EndGlobal
